
Microsoft Visual Studio Solution File, Format Version 12.00
# Visual Studio 15
VisualStudioVersion = 15.0.26730.10
MinimumVisualStudioVersion = 10.0.40219.1
Project("{FAE04EC0-301F-11D3-BF4B-00C04F79EFBC}") = "KebabCase", "KebabCase\KebabCase.csproj", "{0DF8F257-8035-4037-9BB8-79D28C6EE528}"
EndProject
Project("{FAE04EC0-301F-11D3-BF4B-00C04F79EFBC}") = "UnitTest", "UnitTest\UnitTest.csproj", "{DB1688BC-6B5D-4C28-B949-C934F515639F}"
EndProject
Project("{FAE04EC0-301F-11D3-BF4B-00C04F79EFBC}") = "KebabCasePlayground", "KebabCasePlayground\KebabCasePlayground.csproj", "{EEB224A1-BD86-4037-A9DF-672C6E1F05B1}"
EndProject
Global
	GlobalSection(SolutionConfigurationPlatforms) = preSolution
		Debug|Any CPU = Debug|Any CPU
		Release|Any CPU = Release|Any CPU
	EndGlobalSection
	GlobalSection(ProjectConfigurationPlatforms) = postSolution
		{0DF8F257-8035-4037-9BB8-79D28C6EE528}.Debug|Any CPU.ActiveCfg = Debug|Any CPU
		{0DF8F257-8035-4037-9BB8-79D28C6EE528}.Debug|Any CPU.Build.0 = Debug|Any CPU
		{0DF8F257-8035-4037-9BB8-79D28C6EE528}.Release|Any CPU.ActiveCfg = Release|Any CPU
		{0DF8F257-8035-4037-9BB8-79D28C6EE528}.Release|Any CPU.Build.0 = Release|Any CPU
		{DB1688BC-6B5D-4C28-B949-C934F515639F}.Debug|Any CPU.ActiveCfg = Debug|Any CPU
		{DB1688BC-6B5D-4C28-B949-C934F515639F}.Debug|Any CPU.Build.0 = Debug|Any CPU
		{DB1688BC-6B5D-4C28-B949-C934F515639F}.Release|Any CPU.ActiveCfg = Release|Any CPU
		{DB1688BC-6B5D-4C28-B949-C934F515639F}.Release|Any CPU.Build.0 = Release|Any CPU
		{EEB224A1-BD86-4037-A9DF-672C6E1F05B1}.Debug|Any CPU.ActiveCfg = Debug|Any CPU
		{EEB224A1-BD86-4037-A9DF-672C6E1F05B1}.Debug|Any CPU.Build.0 = Debug|Any CPU
		{EEB224A1-BD86-4037-A9DF-672C6E1F05B1}.Release|Any CPU.ActiveCfg = Release|Any CPU
		{EEB224A1-BD86-4037-A9DF-672C6E1F05B1}.Release|Any CPU.Build.0 = Release|Any CPU
	EndGlobalSection
	GlobalSection(SolutionProperties) = preSolution
		HideSolutionNode = FALSE
	EndGlobalSection
	GlobalSection(ExtensibilityGlobals) = postSolution
		SolutionGuid = {3BD640E7-303F-4907-A1BE-C3D36B660F46}
	EndGlobalSection
EndGlobal
